// !$*UTF8*$!
{
	archiveVersion = 1;
	classes = {
	};
	objectVersion = 46;
	objects = {

/* Begin PBXBuildFile section */
		0DCE6A611B58F8F300BEDE10 /* AppDelegate.swift in Sources */ = {isa = PBXBuildFile; fileRef = 0DCE6A601B58F8F300BEDE10 /* AppDelegate.swift */; };
		0DCE6A631B58F8F300BEDE10 /* ViewController.swift in Sources */ = {isa = PBXBuildFile; fileRef = 0DCE6A621B58F8F300BEDE10 /* ViewController.swift */; };
		0DCE6A661B58F8F300BEDE10 /* Main.storyboard in Resources */ = {isa = PBXBuildFile; fileRef = 0DCE6A641B58F8F300BEDE10 /* Main.storyboard */; };
		0DCE6A681B58F8F300BEDE10 /* Images.xcassets in Resources */ = {isa = PBXBuildFile; fileRef = 0DCE6A671B58F8F300BEDE10 /* Images.xcassets */; };
		0DCE6A6B1B58F8F300BEDE10 /* LaunchScreen.xib in Resources */ = {isa = PBXBuildFile; fileRef = 0DCE6A691B58F8F300BEDE10 /* LaunchScreen.xib */; };
		0DCE6A771B58F8F300BEDE10 /* testautolayoutcellTests.swift in Sources */ = {isa = PBXBuildFile; fileRef = 0DCE6A761B58F8F300BEDE10 /* testautolayoutcellTests.swift */; };
/* End PBXBuildFile section */

/* Begin PBXContainerItemProxy section */
		0DCE6A711B58F8F300BEDE10 /* PBXContainerItemProxy */ = {
			isa = PBXContainerItemProxy;
			containerPortal = 0DCE6A531B58F8F300BEDE10 /* Project object */;
			proxyType = 1;
			remoteGlobalIDString = 0DCE6A5A1B58F8F300BEDE10;
			remoteInfo = testautolayoutcell;
		};
/* End PBXContainerItemProxy section */

/* Begin PBXFileReference section */
		0DCE6A5B1B58F8F300BEDE10 /* testautolayoutcell.app */ = {isa = PBXFileReference; explicitFileType = wrapper.application; includeInIndex = 0; path = testautolayoutcell.app; sourceTree = BUILT_PRODUCTS_DIR; };
		0DCE6A5F1B58F8F300BEDE10 /* Info.plist */ = {isa = PBXFileReference; lastKnownFileType = text.plist.xml; path = Info.plist; sourceTree = "<group>"; };
		0DCE6A601B58F8F300BEDE10 /* AppDelegate.swift */ = {isa = PBXFileReference; lastKnownFileType = sourcecode.swift; path = AppDelegate.swift; sourceTree = "<group>"; };
		0DCE6A621B58F8F300BEDE10 /* ViewController.swift */ = {isa = PBXFileReference; lastKnownFileType = sourcecode.swift; path = ViewController.swift; sourceTree = "<group>"; };
		0DCE6A651B58F8F300BEDE10 /* Base */ = {isa = PBXFileReference; lastKnownFileType = file.storyboard; name = Base; path = Base.lproj/Main.storyboard; sourceTree = "<group>"; };
		0DCE6A671B58F8F300BEDE10 /* Images.xcassets */ = {isa = PBXFileReference; lastKnownFileType = folder.assetcatalog; path = Images.xcassets; sourceTree = "<group>"; };
		0DCE6A6A1B58F8F300BEDE10 /* Base */ = {isa = PBXFileReference; lastKnownFileType = file.xib; name = Base; path = Base.lproj/LaunchScreen.xib; sourceTree = "<group>"; };
		0DCE6A701B58F8F300BEDE10 /* testautolayoutcellTests.xctest */ = {isa = PBXFileReference; explicitFileType = wrapper.cfbundle; includeInIndex = 0; path = testautolayoutcellTests.xctest; sourceTree = BUILT_PRODUCTS_DIR; };
		0DCE6A751B58F8F300BEDE10 /* Info.plist */ = {isa = PBXFileReference; lastKnownFileType = text.plist.xml; path = Info.plist; sourceTree = "<group>"; };
		0DCE6A761B58F8F300BEDE10 /* testautolayoutcellTests.swift */ = {isa = PBXFileReference; lastKnownFileType = sourcecode.swift; path = testautolayoutcellTests.swift; sourceTree = "<group>"; };
/* End PBXFileReference section */

/* Begin PBXFrameworksBuildPhase section */
		0DCE6A581B58F8F300BEDE10 /* Frameworks */ = {
			isa = PBXFrameworksBuildPhase;
			buildActionMask = 2147483647;
			files = (
			);
			runOnlyForDeploymentPostprocessing = 0;
		};
		0DCE6A6D1B58F8F300BEDE10 /* Frameworks */ = {
			isa = PBXFrameworksBuildPhase;
			buildActionMask = 2147483647;
			files = (
			);
			runOnlyForDeploymentPostprocessing = 0;
		};
/* End PBXFrameworksBuildPhase section */

/* Begin PBXGroup section */
		0DCE6A521B58F8F300BEDE10 = {
			isa = PBXGroup;
			children = (
				0DCE6A5D1B58F8F300BEDE10 /* testautolayoutcell */,
				0DCE6A731B58F8F300BEDE10 /* testautolayoutcellTests */,
				0DCE6A5C1B58F8F300BEDE10 /* Products */,
			);
			sourceTree = "<group>";
		};
		0DCE6A5C1B58F8F300BEDE10 /* Products */ = {
			isa = PBXGroup;
			children = (
				0DCE6A5B1B58F8F300BEDE10 /* testautolayoutcell.app */,
				0DCE6A701B58F8F300BEDE10 /* testautolayoutcellTests.xctest */,
			);
			name = Products;
			sourceTree = "<group>";
		};
		0DCE6A5D1B58F8F300BEDE10 /* testautolayoutcell */ = {
			isa = PBXGroup;
			children = (
				0DCE6A601B58F8F300BEDE10 /* AppDelegate.swift */,
				0DCE6A621B58F8F300BEDE10 /* ViewController.swift */,
				0DCE6A641B58F8F300BEDE10 /* Main.storyboard */,
				0DCE6A671B58F8F300BEDE10 /* Images.xcassets */,
				0DCE6A691B58F8F300BEDE10 /* LaunchScreen.xib */,
				0DCE6A5E1B58F8F300BEDE10 /* Supporting Files */,
			);
			path = testautolayoutcell;
			sourceTree = "<group>";
		};
		0DCE6A5E1B58F8F300BEDE10 /* Supporting Files */ = {
			isa = PBXGroup;
			children = (
				0DCE6A5F1B58F8F300BEDE10 /* Info.plist */,
			);
			name = "Supporting Files";
			sourceTree = "<group>";
		};
		0DCE6A731B58F8F300BEDE10 /* testautolayoutcellTests */ = {
			isa = PBXGroup;
			children = (
				0DCE6A761B58F8F300BEDE10 /* testautolayoutcellTests.swift */,
				0DCE6A741B58F8F300BEDE10 /* Supporting Files */,
			);
			path = testautolayoutcellTests;
			sourceTree = "<group>";
		};
		0DCE6A741B58F8F300BEDE10 /* Supporting Files */ = {
			isa = PBXGroup;
			children = (
				0DCE6A751B58F8F300BEDE10 /* Info.plist */,
			);
			name = "Supporting Files";
			sourceTree = "<group>";
		};
/* End PBXGroup section */

/* Begin PBXNativeTarget section */
		0DCE6A5A1B58F8F300BEDE10 /* testautolayoutcell */ = {
			isa = PBXNativeTarget;
			buildConfigurationList = 0DCE6A7A1B58F8F300BEDE10 /* Build configuration list for PBXNativeTarget "testautolayoutcell" */;
			buildPhases = (
				0DCE6A571B58F8F300BEDE10 /* Sources */,
				0DCE6A581B58F8F300BEDE10 /* Frameworks */,
				0DCE6A591B58F8F300BEDE10 /* Resources */,
			);
			buildRules = (
			);
			dependencies = (
			);
			name = testautolayoutcell;
			productName = testautolayoutcell;
			productReference = 0DCE6A5B1B58F8F300BEDE10 /* testautolayoutcell.app */;
			productType = "com.apple.product-type.application";
		};
		0DCE6A6F1B58F8F300BEDE10 /* testautolayoutcellTests */ = {
			isa = PBXNativeTarget;
			buildConfigurationList = 0DCE6A7D1B58F8F300BEDE10 /* Build configuration list for PBXNativeTarget "testautolayoutcellTests" */;
			buildPhases = (
				0DCE6A6C1B58F8F300BEDE10 /* Sources */,
				0DCE6A6D1B58F8F300BEDE10 /* Frameworks */,
				0DCE6A6E1B58F8F300BEDE10 /* Resources */,
			);
			buildRules = (
			);
			dependencies = (
				0DCE6A721B58F8F300BEDE10 /* PBXTargetDependency */,
			);
			name = testautolayoutcellTests;
			productName = testautolayoutcellTests;
			productReference = 0DCE6A701B58F8F300BEDE10 /* testautolayoutcellTests.xctest */;
			productType = "com.apple.product-type.bundle.unit-test";
		};
/* End PBXNativeTarget section */

/* Begin PBXProject section */
		0DCE6A531B58F8F300BEDE10 /* Project object */ = {
			isa = PBXProject;
			attributes = {
				LastUpgradeCheck = 0630;
				ORGANIZATIONNAME = Gintong;
				TargetAttributes = {
					0DCE6A5A1B58F8F300BEDE10 = {
						CreatedOnToolsVersion = 6.3.2;
					};
					0DCE6A6F1B58F8F300BEDE10 = {
						CreatedOnToolsVersion = 6.3.2;
						TestTargetID = 0DCE6A5A1B58F8F300BEDE10;
					};
				};
			};
			buildConfigurationList = 0DCE6A561B58F8F300BEDE10 /* Build configuration list for PBXProject "testautolayoutcell" */;
			compatibilityVersion = "Xcode 3.2";
			developmentRegion = English;
			hasScannedForEncodings = 0;
			knownRegions = (
				en,
				Base,
			);
			mainGroup = 0DCE6A521B58F8F300BEDE10;
			productRefGroup = 0DCE6A5C1B58F8F300BEDE10 /* Products */;
			projectDirPath = "";
			projectRoot = "";
			targets = (
				0DCE6A5A1B58F8F300BEDE10 /* testautolayoutcell */,
				0DCE6A6F1B58F8F300BEDE10 /* testautolayoutcellTests */,
			);
		};
/* End PBXProject section */

/* Begin PBXResourcesBuildPhase section */
		0DCE6A591B58F8F300BEDE10 /* Resources */ = {
			isa = PBXResourcesBuildPhase;
			buildActionMask = 2147483647;
			files = (
				0DCE6A661B58F8F300BEDE10 /* Main.storyboard in Resources */,
				0DCE6A6B1B58F8F300BEDE10 /* LaunchScreen.xib in Resources */,
				0DCE6A681B58F8F300BEDE10 /* Images.xcassets in Resources */,
			);
			runOnlyForDeploymentPostprocessing = 0;
		};
		0DCE6A6E1B58F8F300BEDE10 /* Resources */ = {
			isa = PBXResourcesBuildPhase;
			buildActionMask = 2147483647;
			files = (
			);
			runOnlyForDeploymentPostprocessing = 0;
		};
/* End PBXResourcesBuildPhase section */

/* Begin PBXSourcesBuildPhase section */
		0DCE6A571B58F8F300BEDE10 /* Sources */ = {
			isa = PBXSourcesBuildPhase;
			buildActionMask = 2147483647;
			files = (
				0DCE6A631B58F8F300BEDE10 /* ViewController.swift in Sources */,
				0DCE6A611B58F8F300BEDE10 /* AppDelegate.swift in Sources */,
			);
			runOnlyForDeploymentPostprocessing = 0;
		};
		0DCE6A6C1B58F8F300BEDE10 /* Sources */ = {
			isa = PBXSourcesBuildPhase;
			buildActionMask = 2147483647;
			files = (
				0DCE6A771B58F8F300BEDE10 /* testautolayoutcellTests.swift in Sources */,
			);
			runOnlyForDeploymentPostprocessing = 0;
		};
/* End PBXSourcesBuildPhase section */

/* Begin PBXTargetDependency section */
		0DCE6A721B58F8F300BEDE10 /* PBXTargetDependency */ = {
			isa = PBXTargetDependency;
			target = 0DCE6A5A1B58F8F300BEDE10 /* testautolayoutcell */;
			targetProxy = 0DCE6A711B58F8F300BEDE10 /* PBXContainerItemProxy */;
		};
/* End PBXTargetDependency section */

/* Begin PBXVariantGroup section */
		0DCE6A641B58F8F300BEDE10 /* Main.storyboard */ = {
			isa = PBXVariantGroup;
			children = (
				0DCE6A651B58F8F300BEDE10 /* Base */,
			);
			name = Main.storyboard;
			sourceTree = "<group>";
		};
		0DCE6A691B58F8F300BEDE10 /* LaunchScreen.xib */ = {
			isa = PBXVariantGroup;
			children = (
				0DCE6A6A1B58F8F300BEDE10 /* Base */,
			);
			name = LaunchScreen.xib;
			sourceTree = "<group>";
		};
/* End PBXVariantGroup section */

/* Begin XCBuildConfiguration section */
		0DCE6A781B58F8F300BEDE10 /* Debug */ = {
			isa = XCBuildConfiguration;
			buildSettings = {
				ALWAYS_SEARCH_USER_PATHS = NO;
				CLANG_CXX_LANGUAGE_STANDARD = "gnu++0x";
				CLANG_CXX_LIBRARY = "libc++";
				CLANG_ENABLE_MODULES = YES;
				CLANG_ENABLE_OBJC_ARC = YES;
				CLANG_WARN_BOOL_CONVERSION = YES;
				CLANG_WARN_CONSTANT_CONVERSION = YES;
				CLANG_WARN_DIRECT_OBJC_ISA_USAGE = YES_ERROR;
				CLANG_WARN_EMPTY_BODY = YES;
				CLANG_WARN_ENUM_CONVERSION = YES;
				CLANG_WARN_INT_CONVERSION = YES;
				CLANG_WARN_OBJC_ROOT_CLASS = YES_ERROR;
				CLANG_WARN_UNREACHABLE_CODE = YES;
				CLANG_WARN__DUPLICATE_METHOD_MATCH = YES;
				"CODE_SIGN_IDENTITY[sdk=iphoneos*]" = "iPhone Developer";
				COPY_PHASE_STRIP = NO;
				DEBUG_INFORMATION_FORMAT = "dwarf-with-dsym";
				ENABLE_STRICT_OBJC_MSGSEND = YES;
				GCC_C_LANGUAGE_STANDARD = gnu99;
				GCC_DYNAMIC_NO_PIC = NO;
				GCC_NO_COMMON_BLOCKS = YES;
				GCC_OPTIMIZATION_LEVEL = 0;
				GCC_PREPROCESSOR_DEFINITIONS = (
					"DEBUG=1",
					"$(inherited)",
				);
				GCC_SYMBOLS_PRIVATE_EXTERN = NO;
				GCC_WARN_64_TO_32_BIT_CONVERSION = YES;
				GCC_WARN_ABOUT_RETURN_TYPE = YES_ERROR;
				GCC_WARN_UNDECLARED_SELECTOR = YES;
				GCC_WARN_UNINITIALIZED_AUTOS = YES_AGGRESSIVE;
				GCC_WARN_UNUSED_FUNCTION = YES;
				GCC_WARN_UNUSED_VARIABLE = YES;
				IPHONEOS_DEPLOYMENT_TARGET = 8.3;
				MTL_ENABLE_DEBUG_INFO = YES;
				ONLY_ACTIVE_ARCH = YES;
				SDKROOT = iphoneos;
				SWIFT_OPTIMIZATION_LEVEL = "-Onone";
			};
			name = Debug;
		};
		0DCE6A791B58F8F300BEDE10 /* Release */ = {
			isa = XCBuildConfiguration;
			buildSettings = {
				ALWAYS_SEARCH_USER_PATHS = NO;
				CLANG_CXX_LANGUAGE_STANDARD = "gnu++0x";
				CLANG_CXX_LIBRARY = "libc++";
				CLANG_ENABLE_MODULES = YES;
				CLANG_ENABLE_OBJC_ARC = YES;
				CLANG_WARN_BOOL_CONVERSION = YES;
				CLANG_WARN_CONSTANT_CONVERSION = YES;
				CLANG_WARN_DIRECT_OBJC_ISA_USAGE = YES_ERROR;
				CLANG_WARN_EMPTY_BODY = YES;
				CLANG_WARN_ENUM_CONVERSION = YES;
				CLANG_WARN_INT_CONVERSION = YES;
				CLANG_WARN_OBJC_ROOT_CLASS = YES_ERROR;
				CLANG_WARN_UNREACHABLE_CODE = YES;
				CLANG_WARN__DUPLICATE_METHOD_MATCH = YES;
				"CODE_SIGN_IDENTITY[sdk=iphoneos*]" = "iPhone Developer";
				COPY_PHASE_STRIP = NO;
				DEBUG_INFORMATION_FORMAT = "dwarf-with-dsym";
				ENABLE_NS_ASSERTIONS = NO;
				ENABLE_STRICT_OBJC_MSGSEND = YES;
				GCC_C_LANGUAGE_STANDARD = gnu99;
				GCC_NO_COMMON_BLOCKS = YES;
				GCC_WARN_64_TO_32_BIT_CONVERSION = YES;
				GCC_WARN_ABOUT_RETURN_TYPE = YES_ERROR;
				GCC_WARN_UNDECLARED_SELECTOR = YES;
				GCC_WARN_UNINITIALIZED_AUTOS = YES_AGGRESSIVE;
				GCC_WARN_UNUSED_FUNCTION = YES;
				GCC_WARN_UNUSED_VARIABLE = YES;
				IPHONEOS_DEPLOYMENT_TARGET = 8.3;
				MTL_ENABLE_DEBUG_INFO = NO;
				SDKROOT = iphoneos;
				VALIDATE_PRODUCT = YES;
			};
			name = Release;
		};
		0DCE6A7B1B58F8F300BEDE10 /* Debug */ = {
			isa = XCBuildConfiguration;
			buildSettings = {
				ASSETCATALOG_COMPILER_APPICON_NAME = AppIcon;
				INFOPLIST_FILE = testautolayoutcell/Info.plist;
				LD_RUNPATH_SEARCH_PATHS = "$(inherited) @executable_path/Frameworks";
				PRODUCT_NAME = "$(TARGET_NAME)";
			};
			name = Debug;
		};
		0DCE6A7C1B58F8F300BEDE10 /* Release */ = {
			isa = XCBuildConfiguration;
			buildSettings = {
				ASSETCATALOG_COMPILER_APPICON_NAME = AppIcon;
				INFOPLIST_FILE = testautolayoutcell/Info.plist;
				LD_RUNPATH_SEARCH_PATHS = "$(inherited) @executable_path/Frameworks";
				PRODUCT_NAME = "$(TARGET_NAME)";
			};
			name = Release;
		};
		0DCE6A7E1B58F8F300BEDE10 /* Debug */ = {
			isa = XCBuildConfiguration;
			buildSettings = {
				BUNDLE_LOADER = "$(TEST_HOST)";
				FRAMEWORK_SEARCH_PATHS = (
					"$(SDKROOT)/Developer/Library/Frameworks",
					"$(inherited)",
				);
				GCC_PREPROCESSOR_DEFINITIONS = (
					"DEBUG=1",
					"$(inherited)",
				);
				INFOPLIST_FILE = testautolayoutcellTests/Info.plist;
				LD_RUNPATH_SEARCH_PATHS = "$(inherited) @executable_path/Frameworks @loader_path/Frameworks";
				PRODUCT_NAME = "$(TARGET_NAME)";
				TEST_HOST = "$(BUILT_PRODUCTS_DIR)/testautolayoutcell.app/testautolayoutcell";
			};
			name = Debug;
		};
		0DCE6A7F1B58F8F300BEDE10 /* Release */ = {
			isa = XCBuildConfiguration;
			buildSettings = {
				BUNDLE_LOADER = "$(TEST_HOST)";
				FRAMEWORK_SEARCH_PATHS = (
					"$(SDKROOT)/Developer/Library/Frameworks",
					"$(inherited)",
				);
				INFOPLIST_FILE = testautolayoutcellTests/Info.plist;
				LD_RUNPATH_SEARCH_PATHS = "$(inherited) @executable_path/Frameworks @loader_path/Frameworks";
				PRODUCT_NAME = "$(TARGET_NAME)";
				TEST_HOST = "$(BUILT_PRODUCTS_DIR)/testautolayoutcell.app/testautolayoutcell";
			};
			name = Release;
		};
/* End XCBuildConfiguration section */

/* Begin XCConfigurationList section */
		0DCE6A561B58F8F300BEDE10 /* Build configuration list for PBXProject "testautolayoutcell" */ = {
			isa = XCConfigurationList;
			buildConfigurations = (
				0DCE6A781B58F8F300BEDE10 /* Debug */,
				0DCE6A791B58F8F300BEDE10 /* Release */,
			);
			defaultConfigurationIsVisible = 0;
			defaultConfigurationName = Release;
		};
		0DCE6A7A1B58F8F300BEDE10 /* Build configuration list for PBXNativeTarget "testautolayoutcell" */ = {
			isa = XCConfigurationList;
			buildConfigurations = (
				0DCE6A7B1B58F8F300BEDE10 /* Debug */,
				0DCE6A7C1B58F8F300BEDE10 /* Release */,
			);
			defaultConfigurationIsVisible = 0;
		};
		0DCE6A7D1B58F8F300BEDE10 /* Build configuration list for PBXNativeTarget "testautolayoutcellTests" */ = {
			isa = XCConfigurationList;
			buildConfigurations = (
				0DCE6A7E1B58F8F300BEDE10 /* Debug */,
				0DCE6A7F1B58F8F300BEDE10 /* Release */,
			);
			defaultConfigurationIsVisible = 0;
		};
/* End XCConfigurationList section */
	};
	rootObject = 0DCE6A531B58F8F300BEDE10 /* Project object */;
}
